
Microsoft Visual Studio Solution File, Format Version 12.00
# Visual Studio Version 17
VisualStudioVersion = 17.6.33717.318
MinimumVisualStudioVersion = 10.0.40219.1
Project("{8BC9CEB8-8B4A-11D0-8D11-00A0C91BC942}") = "week8", "week8\week8.vcxproj", "{FA4A734C-3390-4C3B-A244-3A42ABDCFB59}"
EndProject
Global
	GlobalSection(SolutionConfigurationPlatforms) = preSolution
		Debug|x64 = Debug|x64
		Debug|x86 = Debug|x86
		Release|x64 = Release|x64
		Release|x86 = Release|x86
	EndGlobalSection
	GlobalSection(ProjectConfigurationPlatforms) = postSolution
		{FA4A734C-3390-4C3B-A244-3A42ABDCFB59}.Debug|x64.ActiveCfg = Debug|x64
		{FA4A734C-3390-4C3B-A244-3A42ABDCFB59}.Debug|x64.Build.0 = Debug|x64
		{FA4A734C-3390-4C3B-A244-3A42ABDCFB59}.Debug|x86.ActiveCfg = Debug|Win32
		{FA4A734C-3390-4C3B-A244-3A42ABDCFB59}.Debug|x86.Build.0 = Debug|Win32
		{FA4A734C-3390-4C3B-A244-3A42ABDCFB59}.Release|x64.ActiveCfg = Release|x64
		{FA4A734C-3390-4C3B-A244-3A42ABDCFB59}.Release|x64.Build.0 = Release|x64
		{FA4A734C-3390-4C3B-A244-3A42ABDCFB59}.Release|x86.ActiveCfg = Release|Win32
		{FA4A734C-3390-4C3B-A244-3A42ABDCFB59}.Release|x86.Build.0 = Release|Win32
	EndGlobalSection
	GlobalSection(SolutionProperties) = preSolution
		HideSolutionNode = FALSE
	EndGlobalSection
	GlobalSection(ExtensibilityGlobals) = postSolution
		SolutionGuid = {90466B36-76DF-4508-8AFA-D5FA6A100179}
	EndGlobalSection
EndGlobal
